
Microsoft Visual Studio Solution File, Format Version 12.00
# Visual Studio 15
VisualStudioVersion = 15.0.28307.705
MinimumVisualStudioVersion = 10.0.40219.1
Project("{FAE04EC0-301F-11D3-BF4B-00C04F79EFBC}") = "TicaretSitesi", "E-ticaret projesi\TicaretSitesi.csproj", "{45B787F1-012F-4A11-98DD-2278558F94DF}"
EndProject
Global
	GlobalSection(SolutionConfigurationPlatforms) = preSolution
		Debug|Any CPU = Debug|Any CPU
		Release|Any CPU = Release|Any CPU
	EndGlobalSection
	GlobalSection(ProjectConfigurationPlatforms) = postSolution
		{45B787F1-012F-4A11-98DD-2278558F94DF}.Debug|Any CPU.ActiveCfg = Debug|Any CPU
		{45B787F1-012F-4A11-98DD-2278558F94DF}.Debug|Any CPU.Build.0 = Debug|Any CPU
		{45B787F1-012F-4A11-98DD-2278558F94DF}.Release|Any CPU.ActiveCfg = Release|Any CPU
		{45B787F1-012F-4A11-98DD-2278558F94DF}.Release|Any CPU.Build.0 = Release|Any CPU
	EndGlobalSection
	GlobalSection(SolutionProperties) = preSolution
		HideSolutionNode = FALSE
	EndGlobalSection
	GlobalSection(ExtensibilityGlobals) = postSolution
		SolutionGuid = {0B0EE37A-9DE7-4F6D-B93A-BA1DF592175A}
	EndGlobalSection
EndGlobal
